
Microsoft Visual Studio Solution File, Format Version 12.00
# Visual Studio Version 16
VisualStudioVersion = 16.0.30611.23
MinimumVisualStudioVersion = 10.0.40219.1
Project("{FAE04EC0-301F-11D3-BF4B-00C04F79EFBC}") = "Ichiban", "Ichiban\Ichiban.csproj", "{B4CB44B2-A294-4C12-B014-0E6005C29D8F}"
EndProject
Global
	GlobalSection(SolutionConfigurationPlatforms) = preSolution
		Debug|Any CPU = Debug|Any CPU
		Release|Any CPU = Release|Any CPU
	EndGlobalSection
	GlobalSection(ProjectConfigurationPlatforms) = postSolution
		{B4CB44B2-A294-4C12-B014-0E6005C29D8F}.Debug|Any CPU.ActiveCfg = Debug|Any CPU
		{B4CB44B2-A294-4C12-B014-0E6005C29D8F}.Debug|Any CPU.Build.0 = Debug|Any CPU
		{B4CB44B2-A294-4C12-B014-0E6005C29D8F}.Release|Any CPU.ActiveCfg = Release|Any CPU
		{B4CB44B2-A294-4C12-B014-0E6005C29D8F}.Release|Any CPU.Build.0 = Release|Any CPU
	EndGlobalSection
	GlobalSection(SolutionProperties) = preSolution
		HideSolutionNode = FALSE
	EndGlobalSection
	GlobalSection(ExtensibilityGlobals) = postSolution
		SolutionGuid = {CBC981E7-0261-41C7-A962-234F0306B2F5}
	EndGlobalSection
EndGlobal
